{
  "version": 4,
  "terraform_version": "1.2.6",
  "serial": 3,
  "lineage": "462052d7-d608-2830-6ee2-4d920f26abaa",
  "outputs": {},
  "resources": [
    {
      "mode": "data",
      "type": "digitalocean_ssh_key",
      "name": "terraform",
      "provider": "provider[\"registry.terraform.io/digitalocean/digitalocean\"]",
      "instances": [
        {
          "schema_version": 0,
          "attributes": {
            "fingerprint": "61:cc:8f:4c:4a:4f:7e:17:ac:47:de:65:dc:73:ff:02",
            "id": 27635579,
            "name": "All Might key",
            "public_key": "ssh-rsa AAAAB3NzaC1yc2EAAAADAQABAAACAQDJc25MVK5wEKe9QF+PHVTuJC7kbPVlTrR8XbBpTNzxh0tOZ82K20MlvMrl3cuICtOFWnXvAj8D+n+WHZD6+QRFycseIXe7ch3yyaOLrG33EccRAgAnAWU7uEOZXFRivbXnFCvw9xGdybeGteNfkQyYW4jwOVZNOmMbTIKmzxHxFzE5HvgBKiuDHhD/u/bo2aZskT8cd/igai50d6b1Iz8H/wae16o1HBwne1/uofu5bF0RIDfq8lqjlmSAzCjPr9KFmhRlKE1/V/K9uwzE9JWnX3hFkcnx3zwB93Ybv/ypMnyWc4Sxocr+g4T3QmX+8yjlyD91So4VZc4qErMjTTuSYM6Lu0B94AgGHNFlFhXHE2FS9tyxe3dL7r2o0HF0J7DRvCyy8Mfvp1qZF9dSAXn7jy0XEc0h2fD6hXolL4uijHQDVvKIqJaMgDZ58mPTUWfg5Vl8Z/8mY3nOwlFjZT8jgor8D8ifKcohK4O1Q8xf0Foh6ZaZUwyNsxDy4boMbhKOaF+16X46kij/Au71nXydTLB/WFByoXsVU4Q6eHgu58wlI86RwMuwvSadYvt0rTLnQ5HSlC2NEiKuJfTw9thQS5PocIv9Lpb99UD27Ovji/n+A3PLk0nGbVx/P6W5d23Jb7YUY+bwRABXm/PYKI+tuVRziLE/xt3Kv/hrsOEaeQ== bkayjez@gmail.com"
          },
          "sensitive_attributes": []
        }
      ]
    },
    {
      "mode": "managed",
      "type": "digitalocean_droplet",
      "name": "nginx-1",
      "provider": "provider[\"registry.terraform.io/digitalocean/digitalocean\"]",
      "instances": [
        {
          "schema_version": 1,
          "attributes": {
            "backups": false,
            "created_at": "2022-08-04T16:20:22Z",
            "disk": 25,
            "droplet_agent": null,
            "graceful_shutdown": false,
            "id": "311228969",
            "image": "ubuntu-20-04-x64",
            "ipv4_address": "167.71.177.24",
            "ipv4_address_private": "10.108.0.3",
            "ipv6": false,
            "ipv6_address": "",
            "locked": false,
            "memory": 1024,
            "monitoring": false,
            "name": "nginx-1",
            "price_hourly": 0.00893,
            "price_monthly": 6,
            "private_networking": true,
            "region": "nyc3",
            "resize_disk": true,
            "size": "s-1vcpu-1gb",
            "ssh_keys": [
              "27635579"
            ],
            "status": "active",
            "tags": null,
            "urn": "do:droplet:311228969",
            "user_data": null,
            "vcpus": 1,
            "volume_ids": [],
            "vpc_uuid": "6f86d48e-57a0-4c6e-9fe5-e206187fcf78"
          },
          "sensitive_attributes": [],
          "private": "eyJzY2hlbWFfdmVyc2lvbiI6IjEifQ==",
          "dependencies": [
            "data.digitalocean_ssh_key.terraform"
          ]
        }
      ]
    },
    {
      "mode": "managed",
      "type": "digitalocean_droplet",
      "name": "rabbitmq-1",
      "provider": "provider[\"registry.terraform.io/digitalocean/digitalocean\"]",
      "instances": [
        {
          "schema_version": 1,
          "attributes": {
            "backups": false,
            "created_at": "2022-08-04T16:20:22Z",
            "disk": 25,
            "droplet_agent": null,
            "graceful_shutdown": false,
            "id": "311228970",
            "image": "ubuntu-20-04-x64",
            "ipv4_address": "174.138.55.49",
            "ipv4_address_private": "10.108.0.2",
            "ipv6": false,
            "ipv6_address": "",
            "locked": false,
            "memory": 1024,
            "monitoring": false,
            "name": "rabbitmq-1",
            "price_hourly": 0.00893,
            "price_monthly": 6,
            "private_networking": true,
            "region": "nyc3",
            "resize_disk": true,
            "size": "s-1vcpu-1gb",
            "ssh_keys": [
              "27635579"
            ],
            "status": "active",
            "tags": null,
            "urn": "do:droplet:311228970",
            "user_data": null,
            "vcpus": 1,
            "volume_ids": [],
            "vpc_uuid": "6f86d48e-57a0-4c6e-9fe5-e206187fcf78"
          },
          "sensitive_attributes": [],
          "private": "eyJzY2hlbWFfdmVyc2lvbiI6IjEifQ==",
          "dependencies": [
            "data.digitalocean_ssh_key.terraform"
          ]
        }
      ]
    }
  ]
}
